// !$*UTF8*$!
{
	archiveVersion = 1;
	classes = {
	};
	objectVersion = 56;
	objects = {

/* Begin PBXBuildFile section */
		381D792F28DBADA000CD5803 /* EndPoints.swift in Sources */ = {isa = PBXBuildFile; fileRef = 381D792028DBADA000CD5803 /* EndPoints.swift */; };
		381D793028DBADA000CD5803 /* NetworkScheme.swift in Sources */ = {isa = PBXBuildFile; fileRef = 381D792128DBADA000CD5803 /* NetworkScheme.swift */; };
		381D793128DBADA000CD5803 /* DataRequestProtocol.swift in Sources */ = {isa = PBXBuildFile; fileRef = 381D792228DBADA000CD5803 /* DataRequestProtocol.swift */; };
		381D793228DBADA000CD5803 /* NetworkRouter.swift in Sources */ = {isa = PBXBuildFile; fileRef = 381D792328DBADA000CD5803 /* NetworkRouter.swift */; };
		381D793328DBADA000CD5803 /* URLSession_asyncAwait.swift in Sources */ = {isa = PBXBuildFile; fileRef = 381D792428DBADA000CD5803 /* URLSession_asyncAwait.swift */; };
		381D793428DBADA000CD5803 /* HTTPMethod.swift in Sources */ = {isa = PBXBuildFile; fileRef = 381D792528DBADA000CD5803 /* HTTPMethod.swift */; };
		381D793528DBADA000CD5803 /* BreedsRequest.swift in Sources */ = {isa = PBXBuildFile; fileRef = 381D792728DBADA000CD5803 /* BreedsRequest.swift */; };
		381D793628DBADA000CD5803 /* WebService.swift in Sources */ = {isa = PBXBuildFile; fileRef = 381D792828DBADA000CD5803 /* WebService.swift */; };
		381D793728DBADA000CD5803 /* Request.swift in Sources */ = {isa = PBXBuildFile; fileRef = 381D792928DBADA000CD5803 /* Request.swift */; };
		381D793828DBADA000CD5803 /* NetworkHost.swift in Sources */ = {isa = PBXBuildFile; fileRef = 381D792A28DBADA000CD5803 /* NetworkHost.swift */; };
		381D793A28DBADA000CD5803 /* RequestConstants.swift in Sources */ = {isa = PBXBuildFile; fileRef = 381D792C28DBADA000CD5803 /* RequestConstants.swift */; };
		381D793B28DBADA000CD5803 /* RequestType.swift in Sources */ = {isa = PBXBuildFile; fileRef = 381D792D28DBADA000CD5803 /* RequestType.swift */; };
		381D793C28DBADA000CD5803 /* NetworkError.swift in Sources */ = {isa = PBXBuildFile; fileRef = 381D792E28DBADA000CD5803 /* NetworkError.swift */; };
		381D793E28DC5F4300CD5803 /* BreedPictureCell.swift in Sources */ = {isa = PBXBuildFile; fileRef = 381D793D28DC5F4300CD5803 /* BreedPictureCell.swift */; };
		381D794028DC5F7000CD5803 /* BreedPictureCellViewModel.swift in Sources */ = {isa = PBXBuildFile; fileRef = 381D793F28DC5F7000CD5803 /* BreedPictureCellViewModel.swift */; };
		381D794228DC630200CD5803 /* BreedImagesRequest.swift in Sources */ = {isa = PBXBuildFile; fileRef = 381D794128DC630200CD5803 /* BreedImagesRequest.swift */; };
		381D794628DCBC9700CD5803 /* ImageRequest.swift in Sources */ = {isa = PBXBuildFile; fileRef = 381D794528DCBC9700CD5803 /* ImageRequest.swift */; };
		381D794A28DCCEBB00CD5803 /* ImageLoader.swift in Sources */ = {isa = PBXBuildFile; fileRef = 381D794928DCCEBB00CD5803 /* ImageLoader.swift */; };
		381D794C28DCE8A600CD5803 /* FavoritePicturesViewController.swift in Sources */ = {isa = PBXBuildFile; fileRef = 381D794B28DCE8A600CD5803 /* FavoritePicturesViewController.swift */; };
		381D794E28DCE8B200CD5803 /* FavoritePicturesViewModel.swift in Sources */ = {isa = PBXBuildFile; fileRef = 381D794D28DCE8B200CD5803 /* FavoritePicturesViewModel.swift */; };
		381D795028DCEF3200CD5803 /* FavoritesManager.swift in Sources */ = {isa = PBXBuildFile; fileRef = 381D794F28DCEF3200CD5803 /* FavoritesManager.swift */; };
		381D795228DD840900CD5803 /* ImageDetails.swift in Sources */ = {isa = PBXBuildFile; fileRef = 381D795128DD840900CD5803 /* ImageDetails.swift */; };
		382DE43328DB353A001E88C9 /* Breed.swift in Sources */ = {isa = PBXBuildFile; fileRef = 382DE43228DB353A001E88C9 /* Breed.swift */; };
		382DE43728DB3EB2001E88C9 /* Extensions.swift in Sources */ = {isa = PBXBuildFile; fileRef = 382DE43628DB3EB2001E88C9 /* Extensions.swift */; };
		382DE43928DB85EE001E88C9 /* BreedPicturesViewModel.swift in Sources */ = {isa = PBXBuildFile; fileRef = 382DE43828DB85EE001E88C9 /* BreedPicturesViewModel.swift */; };
		382DE43B28DB8601001E88C9 /* BreedPicturesViewController.swift in Sources */ = {isa = PBXBuildFile; fileRef = 382DE43A28DB8601001E88C9 /* BreedPicturesViewController.swift */; };
		387B3EE928DB0EED005D100A /* AppDelegate.swift in Sources */ = {isa = PBXBuildFile; fileRef = 387B3EE828DB0EED005D100A /* AppDelegate.swift */; };
		387B3EEB28DB0EED005D100A /* SceneDelegate.swift in Sources */ = {isa = PBXBuildFile; fileRef = 387B3EEA28DB0EED005D100A /* SceneDelegate.swift */; };
		387B3EF028DB0EED005D100A /* Main.storyboard in Resources */ = {isa = PBXBuildFile; fileRef = 387B3EEE28DB0EED005D100A /* Main.storyboard */; };
		387B3EF228DB0EF0005D100A /* Assets.xcassets in Resources */ = {isa = PBXBuildFile; fileRef = 387B3EF128DB0EF0005D100A /* Assets.xcassets */; };
		387B3EF528DB0EF0005D100A /* LaunchScreen.storyboard in Resources */ = {isa = PBXBuildFile; fileRef = 387B3EF328DB0EF0005D100A /* LaunchScreen.storyboard */; };
		38AC4BAA28DB29150087157A /* BreedListViewController.swift in Sources */ = {isa = PBXBuildFile; fileRef = 38AC4BA928DB29150087157A /* BreedListViewController.swift */; };
		38AC4BAC28DB29CD0087157A /* BreedListViewModel.swift in Sources */ = {isa = PBXBuildFile; fileRef = 38AC4BAB28DB29CD0087157A /* BreedListViewModel.swift */; };
		38AC4BAE28DB29E40087157A /* BreedTableViewCell.swift in Sources */ = {isa = PBXBuildFile; fileRef = 38AC4BAD28DB29E40087157A /* BreedTableViewCell.swift */; };
		38AC4BB028DB29F20087157A /* BreedCellViewModel.swift in Sources */ = {isa = PBXBuildFile; fileRef = 38AC4BAF28DB29F20087157A /* BreedCellViewModel.swift */; };
/* End PBXBuildFile section */

/* Begin PBXFileReference section */
		381D792028DBADA000CD5803 /* EndPoints.swift */ = {isa = PBXFileReference; fileEncoding = 4; lastKnownFileType = sourcecode.swift; path = EndPoints.swift; sourceTree = "<group>"; };
		381D792128DBADA000CD5803 /* NetworkScheme.swift */ = {isa = PBXFileReference; fileEncoding = 4; lastKnownFileType = sourcecode.swift; path = NetworkScheme.swift; sourceTree = "<group>"; };
		381D792228DBADA000CD5803 /* DataRequestProtocol.swift */ = {isa = PBXFileReference; fileEncoding = 4; lastKnownFileType = sourcecode.swift; path = DataRequestProtocol.swift; sourceTree = "<group>"; };
		381D792328DBADA000CD5803 /* NetworkRouter.swift */ = {isa = PBXFileReference; fileEncoding = 4; lastKnownFileType = sourcecode.swift; path = NetworkRouter.swift; sourceTree = "<group>"; };
		381D792428DBADA000CD5803 /* URLSession_asyncAwait.swift */ = {isa = PBXFileReference; fileEncoding = 4; lastKnownFileType = sourcecode.swift; path = URLSession_asyncAwait.swift; sourceTree = "<group>"; };
		381D792528DBADA000CD5803 /* HTTPMethod.swift */ = {isa = PBXFileReference; fileEncoding = 4; lastKnownFileType = sourcecode.swift; path = HTTPMethod.swift; sourceTree = "<group>"; };
		381D792728DBADA000CD5803 /* BreedsRequest.swift */ = {isa = PBXFileReference; fileEncoding = 4; lastKnownFileType = sourcecode.swift; path = BreedsRequest.swift; sourceTree = "<group>"; };
		381D792828DBADA000CD5803 /* WebService.swift */ = {isa = PBXFileReference; fileEncoding = 4; lastKnownFileType = sourcecode.swift; path = WebService.swift; sourceTree = "<group>"; };
		381D792928DBADA000CD5803 /* Request.swift */ = {isa = PBXFileReference; fileEncoding = 4; lastKnownFileType = sourcecode.swift; path = Request.swift; sourceTree = "<group>"; };
		381D792A28DBADA000CD5803 /* NetworkHost.swift */ = {isa = PBXFileReference; fileEncoding = 4; lastKnownFileType = sourcecode.swift; path = NetworkHost.swift; sourceTree = "<group>"; };
		381D792C28DBADA000CD5803 /* RequestConstants.swift */ = {isa = PBXFileReference; fileEncoding = 4; lastKnownFileType = sourcecode.swift; path = RequestConstants.swift; sourceTree = "<group>"; };
		381D792D28DBADA000CD5803 /* RequestType.swift */ = {isa = PBXFileReference; fileEncoding = 4; lastKnownFileType = sourcecode.swift; path = RequestType.swift; sourceTree = "<group>"; };
		381D792E28DBADA000CD5803 /* NetworkError.swift */ = {isa = PBXFileReference; fileEncoding = 4; lastKnownFileType = sourcecode.swift; path = NetworkError.swift; sourceTree = "<group>"; };
		381D793D28DC5F4300CD5803 /* BreedPictureCell.swift */ = {isa = PBXFileReference; lastKnownFileType = sourcecode.swift; path = BreedPictureCell.swift; sourceTree = "<group>"; };
		381D793F28DC5F7000CD5803 /* BreedPictureCellViewModel.swift */ = {isa = PBXFileReference; lastKnownFileType = sourcecode.swift; path = BreedPictureCellViewModel.swift; sourceTree = "<group>"; };
		381D794128DC630200CD5803 /* BreedImagesRequest.swift */ = {isa = PBXFileReference; lastKnownFileType = sourcecode.swift; path = BreedImagesRequest.swift; sourceTree = "<group>"; };
		381D794528DCBC9700CD5803 /* ImageRequest.swift */ = {isa = PBXFileReference; lastKnownFileType = sourcecode.swift; path = ImageRequest.swift; sourceTree = "<group>"; };
		381D794928DCCEBB00CD5803 /* ImageLoader.swift */ = {isa = PBXFileReference; lastKnownFileType = sourcecode.swift; path = ImageLoader.swift; sourceTree = "<group>"; };
		381D794B28DCE8A600CD5803 /* FavoritePicturesViewController.swift */ = {isa = PBXFileReference; lastKnownFileType = sourcecode.swift; path = FavoritePicturesViewController.swift; sourceTree = "<group>"; };
		381D794D28DCE8B200CD5803 /* FavoritePicturesViewModel.swift */ = {isa = PBXFileReference; lastKnownFileType = sourcecode.swift; path = FavoritePicturesViewModel.swift; sourceTree = "<group>"; };
		381D794F28DCEF3200CD5803 /* FavoritesManager.swift */ = {isa = PBXFileReference; lastKnownFileType = sourcecode.swift; path = FavoritesManager.swift; sourceTree = "<group>"; };
		381D795128DD840900CD5803 /* ImageDetails.swift */ = {isa = PBXFileReference; lastKnownFileType = sourcecode.swift; path = ImageDetails.swift; sourceTree = "<group>"; };
		382DE43228DB353A001E88C9 /* Breed.swift */ = {isa = PBXFileReference; lastKnownFileType = sourcecode.swift; path = Breed.swift; sourceTree = "<group>"; };
		382DE43628DB3EB2001E88C9 /* Extensions.swift */ = {isa = PBXFileReference; lastKnownFileType = sourcecode.swift; path = Extensions.swift; sourceTree = "<group>"; };
		382DE43828DB85EE001E88C9 /* BreedPicturesViewModel.swift */ = {isa = PBXFileReference; lastKnownFileType = sourcecode.swift; path = BreedPicturesViewModel.swift; sourceTree = "<group>"; };
		382DE43A28DB8601001E88C9 /* BreedPicturesViewController.swift */ = {isa = PBXFileReference; lastKnownFileType = sourcecode.swift; path = BreedPicturesViewController.swift; sourceTree = "<group>"; };
		387B3EE528DB0EED005D100A /* Assignment.app */ = {isa = PBXFileReference; explicitFileType = wrapper.application; includeInIndex = 0; path = Assignment.app; sourceTree = BUILT_PRODUCTS_DIR; };
		387B3EE828DB0EED005D100A /* AppDelegate.swift */ = {isa = PBXFileReference; lastKnownFileType = sourcecode.swift; path = AppDelegate.swift; sourceTree = "<group>"; };
		387B3EEA28DB0EED005D100A /* SceneDelegate.swift */ = {isa = PBXFileReference; lastKnownFileType = sourcecode.swift; path = SceneDelegate.swift; sourceTree = "<group>"; };
		387B3EEF28DB0EED005D100A /* Base */ = {isa = PBXFileReference; lastKnownFileType = file.storyboard; name = Base; path = Base.lproj/Main.storyboard; sourceTree = "<group>"; };
		387B3EF128DB0EF0005D100A /* Assets.xcassets */ = {isa = PBXFileReference; lastKnownFileType = folder.assetcatalog; path = Assets.xcassets; sourceTree = "<group>"; };
		387B3EF428DB0EF0005D100A /* Base */ = {isa = PBXFileReference; lastKnownFileType = file.storyboard; name = Base; path = Base.lproj/LaunchScreen.storyboard; sourceTree = "<group>"; };
		387B3EF628DB0EF0005D100A /* Info.plist */ = {isa = PBXFileReference; lastKnownFileType = text.plist.xml; path = Info.plist; sourceTree = "<group>"; };
		38AC4BA928DB29150087157A /* BreedListViewController.swift */ = {isa = PBXFileReference; lastKnownFileType = sourcecode.swift; path = BreedListViewController.swift; sourceTree = "<group>"; };
		38AC4BAB28DB29CD0087157A /* BreedListViewModel.swift */ = {isa = PBXFileReference; lastKnownFileType = sourcecode.swift; path = BreedListViewModel.swift; sourceTree = "<group>"; };
		38AC4BAD28DB29E40087157A /* BreedTableViewCell.swift */ = {isa = PBXFileReference; lastKnownFileType = sourcecode.swift; path = BreedTableViewCell.swift; sourceTree = "<group>"; };
		38AC4BAF28DB29F20087157A /* BreedCellViewModel.swift */ = {isa = PBXFileReference; lastKnownFileType = sourcecode.swift; path = BreedCellViewModel.swift; sourceTree = "<group>"; };
/* End PBXFileReference section */

/* Begin PBXFrameworksBuildPhase section */
		387B3EE228DB0EED005D100A /* Frameworks */ = {
			isa = PBXFrameworksBuildPhase;
			buildActionMask = 2147483647;
			files = (
			);
			runOnlyForDeploymentPostprocessing = 0;
		};
/* End PBXFrameworksBuildPhase section */

/* Begin PBXGroup section */
		381D791F28DBADA000CD5803 /* Networking */ = {
			isa = PBXGroup;
			children = (
				381D792628DBADA000CD5803 /* Requests */,
				381D792028DBADA000CD5803 /* EndPoints.swift */,
				381D792128DBADA000CD5803 /* NetworkScheme.swift */,
				381D792228DBADA000CD5803 /* DataRequestProtocol.swift */,
				381D792328DBADA000CD5803 /* NetworkRouter.swift */,
				381D792428DBADA000CD5803 /* URLSession_asyncAwait.swift */,
				381D792528DBADA000CD5803 /* HTTPMethod.swift */,
				381D792828DBADA000CD5803 /* WebService.swift */,
				381D792928DBADA000CD5803 /* Request.swift */,
				381D792A28DBADA000CD5803 /* NetworkHost.swift */,
				381D792C28DBADA000CD5803 /* RequestConstants.swift */,
				381D792D28DBADA000CD5803 /* RequestType.swift */,
				381D792E28DBADA000CD5803 /* NetworkError.swift */,
				381D794928DCCEBB00CD5803 /* ImageLoader.swift */,
			);
			name = Networking;
			path = Assignment/Networking;
			sourceTree = SOURCE_ROOT;
		};
		381D792628DBADA000CD5803 /* Requests */ = {
			isa = PBXGroup;
			children = (
				381D792728DBADA000CD5803 /* BreedsRequest.swift */,
				381D794128DC630200CD5803 /* BreedImagesRequest.swift */,
				381D794528DCBC9700CD5803 /* ImageRequest.swift */,
			);
			path = Requests;
			sourceTree = "<group>";
		};
		382DE43128DB3450001E88C9 /* Model */ = {
			isa = PBXGroup;
			children = (
				382DE43228DB353A001E88C9 /* Breed.swift */,
				381D795128DD840900CD5803 /* ImageDetails.swift */,
			);
			path = Model;
			sourceTree = "<group>";
		};
		387B3EDC28DB0EED005D100A = {
			isa = PBXGroup;
			children = (
				387B3EE728DB0EED005D100A /* Assignment */,
				387B3EE628DB0EED005D100A /* Products */,
			);
			sourceTree = "<group>";
		};
		387B3EE628DB0EED005D100A /* Products */ = {
			isa = PBXGroup;
			children = (
				387B3EE528DB0EED005D100A /* Assignment.app */,
			);
			name = Products;
			sourceTree = "<group>";
		};
		387B3EE728DB0EED005D100A /* Assignment */ = {
			isa = PBXGroup;
			children = (
				387B3EEE28DB0EED005D100A /* Main.storyboard */,
				387B3F5728DB1E90005D100A /* BreedList */,
				387B3F5928DB1EA1005D100A /* BreedPictures */,
				38AC4BA828DB1F510087157A /* FavoritePictures */,
				382DE43128DB3450001E88C9 /* Model */,
				381D791F28DBADA000CD5803 /* Networking */,
				387B3F5828DB1E98005D100A /* General */,
				387B3EF628DB0EF0005D100A /* Info.plist */,
			);
			path = Assignment;
			sourceTree = "<group>";
		};
		387B3F5728DB1E90005D100A /* BreedList */ = {
			isa = PBXGroup;
			children = (
				38AC4BA928DB29150087157A /* BreedListViewController.swift */,
				38AC4BAB28DB29CD0087157A /* BreedListViewModel.swift */,
				38AC4BAD28DB29E40087157A /* BreedTableViewCell.swift */,
				38AC4BAF28DB29F20087157A /* BreedCellViewModel.swift */,
			);
			path = BreedList;
			sourceTree = "<group>";
		};
		387B3F5828DB1E98005D100A /* General */ = {
			isa = PBXGroup;
			children = (
				387B3EF128DB0EF0005D100A /* Assets.xcassets */,
				387B3EF328DB0EF0005D100A /* LaunchScreen.storyboard */,
				387B3EE828DB0EED005D100A /* AppDelegate.swift */,
				387B3EEA28DB0EED005D100A /* SceneDelegate.swift */,
				382DE43628DB3EB2001E88C9 /* Extensions.swift */,
			);
			path = General;
			sourceTree = "<group>";
		};
		387B3F5928DB1EA1005D100A /* BreedPictures */ = {
			isa = PBXGroup;
			children = (
				382DE43A28DB8601001E88C9 /* BreedPicturesViewController.swift */,
				382DE43828DB85EE001E88C9 /* BreedPicturesViewModel.swift */,
				381D793D28DC5F4300CD5803 /* BreedPictureCell.swift */,
				381D793F28DC5F7000CD5803 /* BreedPictureCellViewModel.swift */,
			);
			path = BreedPictures;
			sourceTree = "<group>";
		};
		38AC4BA828DB1F510087157A /* FavoritePictures */ = {
			isa = PBXGroup;
			children = (
				381D794B28DCE8A600CD5803 /* FavoritePicturesViewController.swift */,
				381D794D28DCE8B200CD5803 /* FavoritePicturesViewModel.swift */,
				381D794F28DCEF3200CD5803 /* FavoritesManager.swift */,
			);
			path = FavoritePictures;
			sourceTree = "<group>";
		};
/* End PBXGroup section */

/* Begin PBXNativeTarget section */
		387B3EE428DB0EED005D100A /* Assignment */ = {
			isa = PBXNativeTarget;
			buildConfigurationList = 387B3EF928DB0EF0005D100A /* Build configuration list for PBXNativeTarget "Assignment" */;
			buildPhases = (
				387B3EE128DB0EED005D100A /* Sources */,
				387B3EE228DB0EED005D100A /* Frameworks */,
				387B3EE328DB0EED005D100A /* Resources */,
			);
			buildRules = (
			);
			dependencies = (
			);
			name = Assignment;
			productName = Assignment;
			productReference = 387B3EE528DB0EED005D100A /* Assignment.app */;
			productType = "com.apple.product-type.application";
		};
/* End PBXNativeTarget section */

/* Begin PBXProject section */
		387B3EDD28DB0EED005D100A /* Project object */ = {
			isa = PBXProject;
			attributes = {
				BuildIndependentTargetsInParallel = 1;
				LastSwiftUpdateCheck = 1400;
				LastUpgradeCheck = 1400;
				TargetAttributes = {
					387B3EE428DB0EED005D100A = {
						CreatedOnToolsVersion = 14.0;
					};
				};
			};
			buildConfigurationList = 387B3EE028DB0EED005D100A /* Build configuration list for PBXProject "Assignment" */;
			compatibilityVersion = "Xcode 14.0";
			developmentRegion = en;
			hasScannedForEncodings = 0;
			knownRegions = (
				en,
				Base,
			);
			mainGroup = 387B3EDC28DB0EED005D100A;
			productRefGroup = 387B3EE628DB0EED005D100A /* Products */;
			projectDirPath = "";
			projectRoot = "";
			targets = (
				387B3EE428DB0EED005D100A /* Assignment */,
			);
		};
/* End PBXProject section */

/* Begin PBXResourcesBuildPhase section */
		387B3EE328DB0EED005D100A /* Resources */ = {
			isa = PBXResourcesBuildPhase;
			buildActionMask = 2147483647;
			files = (
				387B3EF528DB0EF0005D100A /* LaunchScreen.storyboard in Resources */,
				387B3EF228DB0EF0005D100A /* Assets.xcassets in Resources */,
				387B3EF028DB0EED005D100A /* Main.storyboard in Resources */,
			);
			runOnlyForDeploymentPostprocessing = 0;
		};
/* End PBXResourcesBuildPhase section */

/* Begin PBXSourcesBuildPhase section */
		387B3EE128DB0EED005D100A /* Sources */ = {
			isa = PBXSourcesBuildPhase;
			buildActionMask = 2147483647;
			files = (
				381D793628DBADA000CD5803 /* WebService.swift in Sources */,
				381D793328DBADA000CD5803 /* URLSession_asyncAwait.swift in Sources */,
				381D794A28DCCEBB00CD5803 /* ImageLoader.swift in Sources */,
				381D793A28DBADA000CD5803 /* RequestConstants.swift in Sources */,
				381D793E28DC5F4300CD5803 /* BreedPictureCell.swift in Sources */,
				38AC4BAA28DB29150087157A /* BreedListViewController.swift in Sources */,
				381D794C28DCE8A600CD5803 /* FavoritePicturesViewController.swift in Sources */,
				381D793128DBADA000CD5803 /* DataRequestProtocol.swift in Sources */,
				381D793028DBADA000CD5803 /* NetworkScheme.swift in Sources */,
				387B3EE928DB0EED005D100A /* AppDelegate.swift in Sources */,
				38AC4BAE28DB29E40087157A /* BreedTableViewCell.swift in Sources */,
				381D794628DCBC9700CD5803 /* ImageRequest.swift in Sources */,
				381D793C28DBADA000CD5803 /* NetworkError.swift in Sources */,
				387B3EEB28DB0EED005D100A /* SceneDelegate.swift in Sources */,
				381D793828DBADA000CD5803 /* NetworkHost.swift in Sources */,
				382DE43728DB3EB2001E88C9 /* Extensions.swift in Sources */,
				381D794228DC630200CD5803 /* BreedImagesRequest.swift in Sources */,
				381D794E28DCE8B200CD5803 /* FavoritePicturesViewModel.swift in Sources */,
				382DE43B28DB8601001E88C9 /* BreedPicturesViewController.swift in Sources */,
				382DE43928DB85EE001E88C9 /* BreedPicturesViewModel.swift in Sources */,
				381D794028DC5F7000CD5803 /* BreedPictureCellViewModel.swift in Sources */,
				381D793528DBADA000CD5803 /* BreedsRequest.swift in Sources */,
				381D795228DD840900CD5803 /* ImageDetails.swift in Sources */,
				381D795028DCEF3200CD5803 /* FavoritesManager.swift in Sources */,
				381D793728DBADA000CD5803 /* Request.swift in Sources */,
				382DE43328DB353A001E88C9 /* Breed.swift in Sources */,
				381D793B28DBADA000CD5803 /* RequestType.swift in Sources */,
				38AC4BAC28DB29CD0087157A /* BreedListViewModel.swift in Sources */,
				381D793428DBADA000CD5803 /* HTTPMethod.swift in Sources */,
				38AC4BB028DB29F20087157A /* BreedCellViewModel.swift in Sources */,
				381D792F28DBADA000CD5803 /* EndPoints.swift in Sources */,
				381D793228DBADA000CD5803 /* NetworkRouter.swift in Sources */,
			);
			runOnlyForDeploymentPostprocessing = 0;
		};
/* End PBXSourcesBuildPhase section */

/* Begin PBXVariantGroup section */
		387B3EEE28DB0EED005D100A /* Main.storyboard */ = {
			isa = PBXVariantGroup;
			children = (
				387B3EEF28DB0EED005D100A /* Base */,
			);
			name = Main.storyboard;
			sourceTree = "<group>";
		};
		387B3EF328DB0EF0005D100A /* LaunchScreen.storyboard */ = {
			isa = PBXVariantGroup;
			children = (
				387B3EF428DB0EF0005D100A /* Base */,
			);
			name = LaunchScreen.storyboard;
			sourceTree = "<group>";
		};
/* End PBXVariantGroup section */

/* Begin XCBuildConfiguration section */
		387B3EF728DB0EF0005D100A /* Debug */ = {
			isa = XCBuildConfiguration;
			buildSettings = {
				ALWAYS_SEARCH_USER_PATHS = NO;
				CLANG_ANALYZER_NONNULL = YES;
				CLANG_ANALYZER_NUMBER_OBJECT_CONVERSION = YES_AGGRESSIVE;
				CLANG_CXX_LANGUAGE_STANDARD = "gnu++20";
				CLANG_ENABLE_MODULES = YES;
				CLANG_ENABLE_OBJC_ARC = YES;
				CLANG_ENABLE_OBJC_WEAK = YES;
				CLANG_WARN_BLOCK_CAPTURE_AUTORELEASING = YES;
				CLANG_WARN_BOOL_CONVERSION = YES;
				CLANG_WARN_COMMA = YES;
				CLANG_WARN_CONSTANT_CONVERSION = YES;
				CLANG_WARN_DEPRECATED_OBJC_IMPLEMENTATIONS = YES;
				CLANG_WARN_DIRECT_OBJC_ISA_USAGE = YES_ERROR;
				CLANG_WARN_DOCUMENTATION_COMMENTS = YES;
				CLANG_WARN_EMPTY_BODY = YES;
				CLANG_WARN_ENUM_CONVERSION = YES;
				CLANG_WARN_INFINITE_RECURSION = YES;
				CLANG_WARN_INT_CONVERSION = YES;
				CLANG_WARN_NON_LITERAL_NULL_CONVERSION = YES;
				CLANG_WARN_OBJC_IMPLICIT_RETAIN_SELF = YES;
				CLANG_WARN_OBJC_LITERAL_CONVERSION = YES;
				CLANG_WARN_OBJC_ROOT_CLASS = YES_ERROR;
				CLANG_WARN_QUOTED_INCLUDE_IN_FRAMEWORK_HEADER = YES;
				CLANG_WARN_RANGE_LOOP_ANALYSIS = YES;
				CLANG_WARN_STRICT_PROTOTYPES = YES;
				CLANG_WARN_SUSPICIOUS_MOVE = YES;
				CLANG_WARN_UNGUARDED_AVAILABILITY = YES_AGGRESSIVE;
				CLANG_WARN_UNREACHABLE_CODE = YES;
				CLANG_WARN__DUPLICATE_METHOD_MATCH = YES;
				COPY_PHASE_STRIP = NO;
				DEBUG_INFORMATION_FORMAT = dwarf;
				ENABLE_STRICT_OBJC_MSGSEND = YES;
				ENABLE_TESTABILITY = YES;
				GCC_C_LANGUAGE_STANDARD = gnu11;
				GCC_DYNAMIC_NO_PIC = NO;
				GCC_NO_COMMON_BLOCKS = YES;
				GCC_OPTIMIZATION_LEVEL = 0;
				GCC_PREPROCESSOR_DEFINITIONS = (
					"DEBUG=1",
					"$(inherited)",
				);
				GCC_WARN_64_TO_32_BIT_CONVERSION = YES;
				GCC_WARN_ABOUT_RETURN_TYPE = YES_ERROR;
				GCC_WARN_UNDECLARED_SELECTOR = YES;
				GCC_WARN_UNINITIALIZED_AUTOS = YES_AGGRESSIVE;
				GCC_WARN_UNUSED_FUNCTION = YES;
				GCC_WARN_UNUSED_VARIABLE = YES;
				IPHONEOS_DEPLOYMENT_TARGET = 16.0;
				MTL_ENABLE_DEBUG_INFO = INCLUDE_SOURCE;
				MTL_FAST_MATH = YES;
				ONLY_ACTIVE_ARCH = YES;
				SDKROOT = iphoneos;
				SWIFT_ACTIVE_COMPILATION_CONDITIONS = DEBUG;
				SWIFT_OPTIMIZATION_LEVEL = "-Onone";
			};
			name = Debug;
		};
		387B3EF828DB0EF0005D100A /* Release */ = {
			isa = XCBuildConfiguration;
			buildSettings = {
				ALWAYS_SEARCH_USER_PATHS = NO;
				CLANG_ANALYZER_NONNULL = YES;
				CLANG_ANALYZER_NUMBER_OBJECT_CONVERSION = YES_AGGRESSIVE;
				CLANG_CXX_LANGUAGE_STANDARD = "gnu++20";
				CLANG_ENABLE_MODULES = YES;
				CLANG_ENABLE_OBJC_ARC = YES;
				CLANG_ENABLE_OBJC_WEAK = YES;
				CLANG_WARN_BLOCK_CAPTURE_AUTORELEASING = YES;
				CLANG_WARN_BOOL_CONVERSION = YES;
				CLANG_WARN_COMMA = YES;
				CLANG_WARN_CONSTANT_CONVERSION = YES;
				CLANG_WARN_DEPRECATED_OBJC_IMPLEMENTATIONS = YES;
				CLANG_WARN_DIRECT_OBJC_ISA_USAGE = YES_ERROR;
				CLANG_WARN_DOCUMENTATION_COMMENTS = YES;
				CLANG_WARN_EMPTY_BODY = YES;
				CLANG_WARN_ENUM_CONVERSION = YES;
				CLANG_WARN_INFINITE_RECURSION = YES;
				CLANG_WARN_INT_CONVERSION = YES;
				CLANG_WARN_NON_LITERAL_NULL_CONVERSION = YES;
				CLANG_WARN_OBJC_IMPLICIT_RETAIN_SELF = YES;
				CLANG_WARN_OBJC_LITERAL_CONVERSION = YES;
				CLANG_WARN_OBJC_ROOT_CLASS = YES_ERROR;
				CLANG_WARN_QUOTED_INCLUDE_IN_FRAMEWORK_HEADER = YES;
				CLANG_WARN_RANGE_LOOP_ANALYSIS = YES;
				CLANG_WARN_STRICT_PROTOTYPES = YES;
				CLANG_WARN_SUSPICIOUS_MOVE = YES;
				CLANG_WARN_UNGUARDED_AVAILABILITY = YES_AGGRESSIVE;
				CLANG_WARN_UNREACHABLE_CODE = YES;
				CLANG_WARN__DUPLICATE_METHOD_MATCH = YES;
				COPY_PHASE_STRIP = NO;
				DEBUG_INFORMATION_FORMAT = "dwarf-with-dsym";
				ENABLE_NS_ASSERTIONS = NO;
				ENABLE_STRICT_OBJC_MSGSEND = YES;
				GCC_C_LANGUAGE_STANDARD = gnu11;
				GCC_NO_COMMON_BLOCKS = YES;
				GCC_WARN_64_TO_32_BIT_CONVERSION = YES;
				GCC_WARN_ABOUT_RETURN_TYPE = YES_ERROR;
				GCC_WARN_UNDECLARED_SELECTOR = YES;
				GCC_WARN_UNINITIALIZED_AUTOS = YES_AGGRESSIVE;
				GCC_WARN_UNUSED_FUNCTION = YES;
				GCC_WARN_UNUSED_VARIABLE = YES;
				IPHONEOS_DEPLOYMENT_TARGET = 16.0;
				MTL_ENABLE_DEBUG_INFO = NO;
				MTL_FAST_MATH = YES;
				SDKROOT = iphoneos;
				SWIFT_COMPILATION_MODE = wholemodule;
				SWIFT_OPTIMIZATION_LEVEL = "-O";
				VALIDATE_PRODUCT = YES;
			};
			name = Release;
		};
		387B3EFA28DB0EF0005D100A /* Debug */ = {
			isa = XCBuildConfiguration;
			buildSettings = {
				ASSETCATALOG_COMPILER_APPICON_NAME = AppIcon;
				ASSETCATALOG_COMPILER_GLOBAL_ACCENT_COLOR_NAME = AccentColor;
				CODE_SIGN_STYLE = Automatic;
				CURRENT_PROJECT_VERSION = 1;
				GENERATE_INFOPLIST_FILE = YES;
				INFOPLIST_FILE = Assignment/Info.plist;
				INFOPLIST_KEY_UIApplicationSupportsIndirectInputEvents = YES;
				INFOPLIST_KEY_UILaunchStoryboardName = LaunchScreen;
				INFOPLIST_KEY_UIMainStoryboardFile = Main;
				INFOPLIST_KEY_UISupportedInterfaceOrientations_iPad = "UIInterfaceOrientationPortrait UIInterfaceOrientationPortraitUpsideDown UIInterfaceOrientationLandscapeLeft UIInterfaceOrientationLandscapeRight";
				INFOPLIST_KEY_UISupportedInterfaceOrientations_iPhone = "UIInterfaceOrientationPortrait UIInterfaceOrientationLandscapeLeft UIInterfaceOrientationLandscapeRight";
				LD_RUNPATH_SEARCH_PATHS = (
					"$(inherited)",
					"@executable_path/Frameworks",
				);
				MARKETING_VERSION = 1.0;
				PRODUCT_BUNDLE_IDENTIFIER = fuxlud.Assignment;
				PRODUCT_NAME = "$(TARGET_NAME)";
				SWIFT_EMIT_LOC_STRINGS = YES;
				SWIFT_VERSION = 5.0;
				TARGETED_DEVICE_FAMILY = "1,2";
			};
			name = Debug;
		};
		387B3EFB28DB0EF0005D100A /* Release */ = {
			isa = XCBuildConfiguration;
			buildSettings = {
				ASSETCATALOG_COMPILER_APPICON_NAME = AppIcon;
				ASSETCATALOG_COMPILER_GLOBAL_ACCENT_COLOR_NAME = AccentColor;
				CODE_SIGN_STYLE = Automatic;
				CURRENT_PROJECT_VERSION = 1;
				GENERATE_INFOPLIST_FILE = YES;
				INFOPLIST_FILE = Assignment/Info.plist;
				INFOPLIST_KEY_UIApplicationSupportsIndirectInputEvents = YES;
				INFOPLIST_KEY_UILaunchStoryboardName = LaunchScreen;
				INFOPLIST_KEY_UIMainStoryboardFile = Main;
				INFOPLIST_KEY_UISupportedInterfaceOrientations_iPad = "UIInterfaceOrientationPortrait UIInterfaceOrientationPortraitUpsideDown UIInterfaceOrientationLandscapeLeft UIInterfaceOrientationLandscapeRight";
				INFOPLIST_KEY_UISupportedInterfaceOrientations_iPhone = "UIInterfaceOrientationPortrait UIInterfaceOrientationLandscapeLeft UIInterfaceOrientationLandscapeRight";
				LD_RUNPATH_SEARCH_PATHS = (
					"$(inherited)",
					"@executable_path/Frameworks",
				);
				MARKETING_VERSION = 1.0;
				PRODUCT_BUNDLE_IDENTIFIER = fuxlud.Assignment;
				PRODUCT_NAME = "$(TARGET_NAME)";
				SWIFT_EMIT_LOC_STRINGS = YES;
				SWIFT_VERSION = 5.0;
				TARGETED_DEVICE_FAMILY = "1,2";
			};
			name = Release;
		};
/* End XCBuildConfiguration section */

/* Begin XCConfigurationList section */
		387B3EE028DB0EED005D100A /* Build configuration list for PBXProject "Assignment" */ = {
			isa = XCConfigurationList;
			buildConfigurations = (
				387B3EF728DB0EF0005D100A /* Debug */,
				387B3EF828DB0EF0005D100A /* Release */,
			);
			defaultConfigurationIsVisible = 0;
			defaultConfigurationName = Release;
		};
		387B3EF928DB0EF0005D100A /* Build configuration list for PBXNativeTarget "Assignment" */ = {
			isa = XCConfigurationList;
			buildConfigurations = (
				387B3EFA28DB0EF0005D100A /* Debug */,
				387B3EFB28DB0EF0005D100A /* Release */,
			);
			defaultConfigurationIsVisible = 0;
			defaultConfigurationName = Release;
		};
/* End XCConfigurationList section */
	};
	rootObject = 387B3EDD28DB0EED005D100A /* Project object */;
}
